
Microsoft Visual Studio Solution File, Format Version 12.00
# Visual Studio Version 16
VisualStudioVersion = 16.0.29326.143
MinimumVisualStudioVersion = 10.0.40219.1
Project("{9A19103F-16F7-4668-BE54-9A1E7A4F7556}") = "FunctionApp", "FunctionApp\FunctionApp.csproj", "{D44A2A6E-A620-4E90-9BB4-B4474611004E}"
EndProject
Project("{9A19103F-16F7-4668-BE54-9A1E7A4F7556}") = "BotFunctionApp", "BotFunctionApp\BotFunctionApp.csproj", "{E44F3269-AF7D-4092-B378-28226C87FD40}"
EndProject
Project("{9A19103F-16F7-4668-BE54-9A1E7A4F7556}") = "BotFunctionAppWithAdapter", "BotFunctionAppWithAdapter\BotFunctionAppWithAdapter.csproj", "{05C30174-57D7-4E7B-A927-8290947D53E4}"
EndProject
Project("{2150E333-8FDC-42A3-9474-1A3956D46DE8}") = "Lib", "Lib", "{05E8700A-5A20-4FB4-9616-0BFE9D2F0A4E}"
EndProject
Project("{9A19103F-16F7-4668-BE54-9A1E7A4F7556}") = "Microsoft.Bot.Builder.Integration.Functions", "Microsoft.Bot.Builder.Integration.Functions\Microsoft.Bot.Builder.Integration.Functions.csproj", "{007532E1-2CA5-43C8-986F-92C75749F524}"
EndProject
Project("{9A19103F-16F7-4668-BE54-9A1E7A4F7556}") = "BotFunctionAppWithAdapterAndDI", "BotFunctionAppWithAdapterAndDI\BotFunctionAppWithAdapterAndDI.csproj", "{CC915D09-1307-476A-830D-1E7F8977D8AC}"
EndProject
Project("{9A19103F-16F7-4668-BE54-9A1E7A4F7556}") = "SecretProject", "SecretProject\SecretProject.csproj", "{2F4FF0D9-3FC8-445B-B766-FCB715BD3602}"
EndProject
Project("{FAE04EC0-301F-11D3-BF4B-00C04F79EFBC}") = "MainProject", "MainProject\MainProject.csproj", "{AED3A15E-EE3E-49DA-A6E7-79478C97B2B1}"
EndProject
Global
	GlobalSection(SolutionConfigurationPlatforms) = preSolution
		Debug|Any CPU = Debug|Any CPU
		Release|Any CPU = Release|Any CPU
	EndGlobalSection
	GlobalSection(ProjectConfigurationPlatforms) = postSolution
		{D44A2A6E-A620-4E90-9BB4-B4474611004E}.Debug|Any CPU.ActiveCfg = Debug|Any CPU
		{D44A2A6E-A620-4E90-9BB4-B4474611004E}.Debug|Any CPU.Build.0 = Debug|Any CPU
		{D44A2A6E-A620-4E90-9BB4-B4474611004E}.Release|Any CPU.ActiveCfg = Release|Any CPU
		{D44A2A6E-A620-4E90-9BB4-B4474611004E}.Release|Any CPU.Build.0 = Release|Any CPU
		{E44F3269-AF7D-4092-B378-28226C87FD40}.Debug|Any CPU.ActiveCfg = Debug|Any CPU
		{E44F3269-AF7D-4092-B378-28226C87FD40}.Debug|Any CPU.Build.0 = Debug|Any CPU
		{E44F3269-AF7D-4092-B378-28226C87FD40}.Release|Any CPU.ActiveCfg = Release|Any CPU
		{E44F3269-AF7D-4092-B378-28226C87FD40}.Release|Any CPU.Build.0 = Release|Any CPU
		{05C30174-57D7-4E7B-A927-8290947D53E4}.Debug|Any CPU.ActiveCfg = Debug|Any CPU
		{05C30174-57D7-4E7B-A927-8290947D53E4}.Debug|Any CPU.Build.0 = Debug|Any CPU
		{05C30174-57D7-4E7B-A927-8290947D53E4}.Release|Any CPU.ActiveCfg = Release|Any CPU
		{05C30174-57D7-4E7B-A927-8290947D53E4}.Release|Any CPU.Build.0 = Release|Any CPU
		{007532E1-2CA5-43C8-986F-92C75749F524}.Debug|Any CPU.ActiveCfg = Debug|Any CPU
		{007532E1-2CA5-43C8-986F-92C75749F524}.Debug|Any CPU.Build.0 = Debug|Any CPU
		{007532E1-2CA5-43C8-986F-92C75749F524}.Release|Any CPU.ActiveCfg = Release|Any CPU
		{007532E1-2CA5-43C8-986F-92C75749F524}.Release|Any CPU.Build.0 = Release|Any CPU
		{CC915D09-1307-476A-830D-1E7F8977D8AC}.Debug|Any CPU.ActiveCfg = Debug|Any CPU
		{CC915D09-1307-476A-830D-1E7F8977D8AC}.Debug|Any CPU.Build.0 = Debug|Any CPU
		{CC915D09-1307-476A-830D-1E7F8977D8AC}.Release|Any CPU.ActiveCfg = Release|Any CPU
		{CC915D09-1307-476A-830D-1E7F8977D8AC}.Release|Any CPU.Build.0 = Release|Any CPU
		{2F4FF0D9-3FC8-445B-B766-FCB715BD3602}.Debug|Any CPU.ActiveCfg = Debug|Any CPU
		{2F4FF0D9-3FC8-445B-B766-FCB715BD3602}.Debug|Any CPU.Build.0 = Debug|Any CPU
		{2F4FF0D9-3FC8-445B-B766-FCB715BD3602}.Release|Any CPU.ActiveCfg = Release|Any CPU
		{2F4FF0D9-3FC8-445B-B766-FCB715BD3602}.Release|Any CPU.Build.0 = Release|Any CPU
		{AED3A15E-EE3E-49DA-A6E7-79478C97B2B1}.Debug|Any CPU.ActiveCfg = Debug|Any CPU
		{AED3A15E-EE3E-49DA-A6E7-79478C97B2B1}.Debug|Any CPU.Build.0 = Debug|Any CPU
		{AED3A15E-EE3E-49DA-A6E7-79478C97B2B1}.Release|Any CPU.ActiveCfg = Release|Any CPU
		{AED3A15E-EE3E-49DA-A6E7-79478C97B2B1}.Release|Any CPU.Build.0 = Release|Any CPU
	EndGlobalSection
	GlobalSection(SolutionProperties) = preSolution
		HideSolutionNode = FALSE
	EndGlobalSection
	GlobalSection(NestedProjects) = preSolution
		{007532E1-2CA5-43C8-986F-92C75749F524} = {05E8700A-5A20-4FB4-9616-0BFE9D2F0A4E}
	EndGlobalSection
	GlobalSection(ExtensibilityGlobals) = postSolution
		SolutionGuid = {89C2FD06-15BB-4945-BC7B-D1701C1D01E0}
	EndGlobalSection
EndGlobal
