
Microsoft Visual Studio Solution File, Format Version 12.00
# Visual Studio Version 16
VisualStudioVersion = 16.0.29326.143
MinimumVisualStudioVersion = 10.0.40219.1
Project("{FAE04EC0-301F-11D3-BF4B-00C04F79EFBC}") = "FunctionApp", "FunctionApp\FunctionApp.csproj", "{D44A2A6E-A620-4E90-9BB4-B4474611004E}"
EndProject
Global
	GlobalSection(SolutionConfigurationPlatforms) = preSolution
		Debug|Any CPU = Debug|Any CPU
		Release|Any CPU = Release|Any CPU
	EndGlobalSection
	GlobalSection(ProjectConfigurationPlatforms) = postSolution
		{D44A2A6E-A620-4E90-9BB4-B4474611004E}.Debug|Any CPU.ActiveCfg = Debug|Any CPU
		{D44A2A6E-A620-4E90-9BB4-B4474611004E}.Debug|Any CPU.Build.0 = Debug|Any CPU
		{D44A2A6E-A620-4E90-9BB4-B4474611004E}.Release|Any CPU.ActiveCfg = Release|Any CPU
		{D44A2A6E-A620-4E90-9BB4-B4474611004E}.Release|Any CPU.Build.0 = Release|Any CPU
	EndGlobalSection
	GlobalSection(SolutionProperties) = preSolution
		HideSolutionNode = FALSE
	EndGlobalSection
	GlobalSection(ExtensibilityGlobals) = postSolution
		SolutionGuid = {89C2FD06-15BB-4945-BC7B-D1701C1D01E0}
	EndGlobalSection
EndGlobal
